{
    "_meta": {
        "hash": {
            "sha256": "27d8e10c16c1e4849b7537d6585f5322cee0a7a6bc9ca44d99152c2228dd2ae1"
        },
        "pipfile-spec": 6,
        "requires": {
            "python_version": "3.8"
        },
        "sources": [
            {
                "name": "pypi",
                "url": "https://pypi.org/simple",
                "verify_ssl": true
            }
        ]
    },
    "default": {
        "phyme": {
            "hashes": [
                "sha256:0bf4f906826d357b6a4ce56054a48a1f43158640c4f820889e6dc3738d249f2d"
            ],
            "index": "pypi",
            "version": "==0.0.9"
        },
        "syllables": {
            "hashes": [
                "sha256:63a484c8957295dd036ad02278ba3f6b91168fec3c44009392b764175f7233cd",
                "sha256:63d7fb3bc4663d1ad966227c03173594d0e156b40e29705dd7cb999701347472"
            ],
            "index": "pypi",
            "version": "==1.0.3"
        }
    },
    "develop": {}
}
